// !$*UTF8*$!
{
	archiveVersion = 1;
	classes = {
	};
	objectVersion = 46;
	objects = {

/* Begin PBXBuildFile section */
		0A8FFF7A5B5D11B6AB6E6726 /* ContentView.swift in Sources */ = {isa = PBXBuildFile; fileRef = 707D21D9956885556CA1AD3C /* ContentView.swift */; };
		0EE990C0A6E33C0892AF4C9C /* StarbeamBackgroundView.swift in Sources */ = {isa = PBXBuildFile; fileRef = 5B35E70E2F7CF304DD6A72C5 /* StarbeamBackgroundView.swift */; };
		166661D4628289843ED70143 /* KeychainStore.swift in Sources */ = {isa = PBXBuildFile; fileRef = E257C1166C86F1C62BC458CD /* KeychainStore.swift */; };
		18B9ACBF27D2656C54A946D7 /* Cocoa.framework in Frameworks */ = {isa = PBXBuildFile; fileRef = 553046B087AC804F5F06D56C /* Cocoa.framework */; };
		5AE3DAF02404C46334ED41E0 /* SettingsView.swift in Sources */ = {isa = PBXBuildFile; fileRef = C0BF67A335804FDDD4FBF648 /* SettingsView.swift */; };
		72DB631B1003024CCA769364 /* AuthStore.swift in Sources */ = {isa = PBXBuildFile; fileRef = 710C5D64C902307643A2D1B3 /* AuthStore.swift */; };
		837D1E1A99744BECF318C14C /* StarbeamApp.swift in Sources */ = {isa = PBXBuildFile; fileRef = BE2660BB3B8D328EC96BBB2B /* StarbeamApp.swift */; };
		86183B56E7F2CD9A1227BF2B /* PopoverRootView.swift in Sources */ = {isa = PBXBuildFile; fileRef = EA5071ECE29521849CEEE880 /* PopoverRootView.swift */; };
		8EE98F1C50D4D35AB08EDA76 /* SettingsStore.swift in Sources */ = {isa = PBXBuildFile; fileRef = D4C0FD0A92B65ED8A02DF3DE /* SettingsStore.swift */; };
		B6AAB13D9FFA86EEDAD60E05 /* OverviewPreviewMocks.swift in Sources */ = {isa = PBXBuildFile; fileRef = 69F9B4201C70992E661D91A3 /* OverviewPreviewMocks.swift */; };
		C9CB9E987BB80692E6CD5E3B /* Overview.swift in Sources */ = {isa = PBXBuildFile; fileRef = 656774996AA579C1D16D2C46 /* Overview.swift */; };
		D80A6981BADB31AF939109C8 /* StarbeamTheme.swift in Sources */ = {isa = PBXBuildFile; fileRef = 1E943769BBA314BFFAB3966C /* StarbeamTheme.swift */; };
		E2E12EA3D03B9E4E5D7E35C3 /* AppModel.swift in Sources */ = {isa = PBXBuildFile; fileRef = 022C6296CF72564B67AD4851 /* AppModel.swift */; };
		F72B62CA214BB63133302131 /* DeviceSignInView.swift in Sources */ = {isa = PBXBuildFile; fileRef = E2CAC2B885F9A8079E84999B /* DeviceSignInView.swift */; };
/* End PBXBuildFile section */

/* Begin PBXFileReference section */
		022C6296CF72564B67AD4851 /* AppModel.swift */ = {isa = PBXFileReference; includeInIndex = 1; lastKnownFileType = sourcecode.swift; path = AppModel.swift; sourceTree = "<group>"; };
		1E943769BBA314BFFAB3966C /* StarbeamTheme.swift */ = {isa = PBXFileReference; includeInIndex = 1; lastKnownFileType = sourcecode.swift; name = StarbeamTheme.swift; path = UI/StarbeamTheme.swift; sourceTree = "<group>"; };
		51137C5A5ADF026B5CA6FFE1 /* Starbeam.entitlements */ = {isa = PBXFileReference; includeInIndex = 1; lastKnownFileType = text.plist.entitlements; path = Starbeam.entitlements; sourceTree = "<group>"; };
		538CA4B212D58C3F3FBD90AB /* Info.plist */ = {isa = PBXFileReference; includeInIndex = 1; lastKnownFileType = text.plist.xml; path = Info.plist; sourceTree = "<group>"; };
		553046B087AC804F5F06D56C /* Cocoa.framework */ = {isa = PBXFileReference; lastKnownFileType = wrapper.framework; name = Cocoa.framework; path = Platforms/MacOSX.platform/Developer/SDKs/MacOSX15.0.sdk/System/Library/Frameworks/Cocoa.framework; sourceTree = DEVELOPER_DIR; };
		5B35E70E2F7CF304DD6A72C5 /* StarbeamBackgroundView.swift */ = {isa = PBXFileReference; includeInIndex = 1; lastKnownFileType = sourcecode.swift; name = StarbeamBackgroundView.swift; path = UI/StarbeamBackgroundView.swift; sourceTree = "<group>"; };
		656774996AA579C1D16D2C46 /* Overview.swift */ = {isa = PBXFileReference; includeInIndex = 1; lastKnownFileType = sourcecode.swift; name = Overview.swift; path = Model/Overview.swift; sourceTree = "<group>"; };
		69F9B4201C70992E661D91A3 /* OverviewPreviewMocks.swift */ = {isa = PBXFileReference; includeInIndex = 1; lastKnownFileType = sourcecode.swift; name = OverviewPreviewMocks.swift; path = PreviewSupport/OverviewPreviewMocks.swift; sourceTree = "<group>"; };
		707D21D9956885556CA1AD3C /* ContentView.swift */ = {isa = PBXFileReference; includeInIndex = 1; lastKnownFileType = sourcecode.swift; path = ContentView.swift; sourceTree = "<group>"; };
		710C5D64C902307643A2D1B3 /* AuthStore.swift */ = {isa = PBXFileReference; includeInIndex = 1; lastKnownFileType = sourcecode.swift; name = AuthStore.swift; path = Services/AuthStore.swift; sourceTree = "<group>"; };
		AD03323065A039CE68A82282 /* Starbeam.app */ = {isa = PBXFileReference; explicitFileType = wrapper.application; includeInIndex = 0; path = Starbeam.app; sourceTree = BUILT_PRODUCTS_DIR; };
		BE2660BB3B8D328EC96BBB2B /* StarbeamApp.swift */ = {isa = PBXFileReference; includeInIndex = 1; lastKnownFileType = sourcecode.swift; path = StarbeamApp.swift; sourceTree = "<group>"; };
		C0BF67A335804FDDD4FBF648 /* SettingsView.swift */ = {isa = PBXFileReference; includeInIndex = 1; lastKnownFileType = sourcecode.swift; path = SettingsView.swift; sourceTree = "<group>"; };
		D4C0FD0A92B65ED8A02DF3DE /* SettingsStore.swift */ = {isa = PBXFileReference; includeInIndex = 1; lastKnownFileType = sourcecode.swift; name = SettingsStore.swift; path = Services/SettingsStore.swift; sourceTree = "<group>"; };
		E257C1166C86F1C62BC458CD /* KeychainStore.swift */ = {isa = PBXFileReference; includeInIndex = 1; lastKnownFileType = sourcecode.swift; name = KeychainStore.swift; path = Services/KeychainStore.swift; sourceTree = "<group>"; };
		E2CAC2B885F9A8079E84999B /* DeviceSignInView.swift */ = {isa = PBXFileReference; includeInIndex = 1; lastKnownFileType = sourcecode.swift; name = DeviceSignInView.swift; path = UI/DeviceSignInView.swift; sourceTree = "<group>"; };
		EA5071ECE29521849CEEE880 /* PopoverRootView.swift */ = {isa = PBXFileReference; includeInIndex = 1; lastKnownFileType = sourcecode.swift; name = PopoverRootView.swift; path = UI/PopoverRootView.swift; sourceTree = "<group>"; };
/* End PBXFileReference section */

/* Begin PBXFrameworksBuildPhase section */
		F028057AA5E43A8FF3C31119 /* Frameworks */ = {
			isa = PBXFrameworksBuildPhase;
			buildActionMask = 2147483647;
			files = (
				18B9ACBF27D2656C54A946D7 /* Cocoa.framework in Frameworks */,
			);
			runOnlyForDeploymentPostprocessing = 0;
		};
/* End PBXFrameworksBuildPhase section */

/* Begin PBXGroup section */
		61D3846E58B15DBCC29AEC05 /* OS X */ = {
			isa = PBXGroup;
			children = (
				553046B087AC804F5F06D56C /* Cocoa.framework */,
			);
			name = "OS X";
			sourceTree = "<group>";
		};
		6615914F94FBBBF133AFFD87 /* Products */ = {
			isa = PBXGroup;
			children = (
				AD03323065A039CE68A82282 /* Starbeam.app */,
			);
			name = Products;
			sourceTree = "<group>";
		};
		6DD2D74119606CF0C3321D77 /* Frameworks */ = {
			isa = PBXGroup;
			children = (
				61D3846E58B15DBCC29AEC05 /* OS X */,
			);
			name = Frameworks;
			sourceTree = "<group>";
		};
		6EB6692481C2D5A6E22A596D /* Starbeam */ = {
			isa = PBXGroup;
			children = (
				022C6296CF72564B67AD4851 /* AppModel.swift */,
				707D21D9956885556CA1AD3C /* ContentView.swift */,
				656774996AA579C1D16D2C46 /* Overview.swift */,
				69F9B4201C70992E661D91A3 /* OverviewPreviewMocks.swift */,
				710C5D64C902307643A2D1B3 /* AuthStore.swift */,
				E257C1166C86F1C62BC458CD /* KeychainStore.swift */,
				D4C0FD0A92B65ED8A02DF3DE /* SettingsStore.swift */,
				C0BF67A335804FDDD4FBF648 /* SettingsView.swift */,
				BE2660BB3B8D328EC96BBB2B /* StarbeamApp.swift */,
				E2CAC2B885F9A8079E84999B /* DeviceSignInView.swift */,
				EA5071ECE29521849CEEE880 /* PopoverRootView.swift */,
				5B35E70E2F7CF304DD6A72C5 /* StarbeamBackgroundView.swift */,
				1E943769BBA314BFFAB3966C /* StarbeamTheme.swift */,
				538CA4B212D58C3F3FBD90AB /* Info.plist */,
				51137C5A5ADF026B5CA6FFE1 /* Starbeam.entitlements */,
			);
			name = Starbeam;
			path = Starbeam;
			sourceTree = "<group>";
		};
		A5AC3A09907E8E23E3F6BD97 = {
			isa = PBXGroup;
			children = (
				6615914F94FBBBF133AFFD87 /* Products */,
				6DD2D74119606CF0C3321D77 /* Frameworks */,
				6EB6692481C2D5A6E22A596D /* Starbeam */,
			);
			sourceTree = "<group>";
		};
/* End PBXGroup section */

/* Begin PBXNativeTarget section */
		79B9CD7312F6EAEF5FBEF9BA /* Starbeam */ = {
			isa = PBXNativeTarget;
			buildConfigurationList = 21ED7FF06E46DC4679493324 /* Build configuration list for PBXNativeTarget "Starbeam" */;
			buildPhases = (
				8861253EC73D45C8C0034D0B /* Sources */,
				F028057AA5E43A8FF3C31119 /* Frameworks */,
				D0030F47E2C4EC996EA69924 /* Resources */,
			);
			buildRules = (
			);
			dependencies = (
			);
			name = Starbeam;
			productName = Starbeam;
			productReference = AD03323065A039CE68A82282 /* Starbeam.app */;
			productType = "com.apple.product-type.application";
		};
/* End PBXNativeTarget section */

/* Begin PBXProject section */
		4C420F184A30D31654B555F1 /* Project object */ = {
			isa = PBXProject;
			attributes = {
				LastSwiftUpdateCheck = 1600;
				LastUpgradeCheck = 1600;
			};
			buildConfigurationList = F0BEECB60107B608DF051931 /* Build configuration list for PBXProject "Starbeam" */;
			compatibilityVersion = "Xcode 3.2";
			developmentRegion = en;
			hasScannedForEncodings = 0;
			knownRegions = (
				en,
				Base,
			);
			mainGroup = A5AC3A09907E8E23E3F6BD97;
			minimizedProjectReferenceProxies = 0;
			preferredProjectObjectVersion = 77;
			productRefGroup = 6615914F94FBBBF133AFFD87 /* Products */;
			projectDirPath = "";
			projectRoot = "";
			targets = (
				79B9CD7312F6EAEF5FBEF9BA /* Starbeam */,
			);
		};
/* End PBXProject section */

/* Begin PBXResourcesBuildPhase section */
		D0030F47E2C4EC996EA69924 /* Resources */ = {
			isa = PBXResourcesBuildPhase;
			buildActionMask = 2147483647;
			files = (
			);
			runOnlyForDeploymentPostprocessing = 0;
		};
/* End PBXResourcesBuildPhase section */

/* Begin PBXSourcesBuildPhase section */
		8861253EC73D45C8C0034D0B /* Sources */ = {
			isa = PBXSourcesBuildPhase;
			buildActionMask = 2147483647;
			files = (
				E2E12EA3D03B9E4E5D7E35C3 /* AppModel.swift in Sources */,
				0A8FFF7A5B5D11B6AB6E6726 /* ContentView.swift in Sources */,
				C9CB9E987BB80692E6CD5E3B /* Overview.swift in Sources */,
				B6AAB13D9FFA86EEDAD60E05 /* OverviewPreviewMocks.swift in Sources */,
				72DB631B1003024CCA769364 /* AuthStore.swift in Sources */,
				166661D4628289843ED70143 /* KeychainStore.swift in Sources */,
				8EE98F1C50D4D35AB08EDA76 /* SettingsStore.swift in Sources */,
				5AE3DAF02404C46334ED41E0 /* SettingsView.swift in Sources */,
				837D1E1A99744BECF318C14C /* StarbeamApp.swift in Sources */,
				F72B62CA214BB63133302131 /* DeviceSignInView.swift in Sources */,
				86183B56E7F2CD9A1227BF2B /* PopoverRootView.swift in Sources */,
				0EE990C0A6E33C0892AF4C9C /* StarbeamBackgroundView.swift in Sources */,
				D80A6981BADB31AF939109C8 /* StarbeamTheme.swift in Sources */,
			);
			runOnlyForDeploymentPostprocessing = 0;
		};
/* End PBXSourcesBuildPhase section */

/* Begin XCBuildConfiguration section */
		5BAA2DD23545C4619B402E5A /* Debug */ = {
			isa = XCBuildConfiguration;
			buildSettings = {
				ALWAYS_SEARCH_USER_PATHS = NO;
				CLANG_ANALYZER_NONNULL = YES;
				CLANG_ANALYZER_NUMBER_OBJECT_CONVERSION = YES_AGGRESSIVE;
				CLANG_CXX_LANGUAGE_STANDARD = "gnu++14";
				CLANG_CXX_LIBRARY = "libc++";
				CLANG_ENABLE_MODULES = YES;
				CLANG_ENABLE_OBJC_ARC = YES;
				CLANG_ENABLE_OBJC_WEAK = YES;
				CLANG_WARN_BLOCK_CAPTURE_AUTORELEASING = YES;
				CLANG_WARN_BOOL_CONVERSION = YES;
				CLANG_WARN_COMMA = YES;
				CLANG_WARN_CONSTANT_CONVERSION = YES;
				CLANG_WARN_DEPRECATED_OBJC_IMPLEMENTATIONS = YES;
				CLANG_WARN_DIRECT_OBJC_ISA_USAGE = YES_ERROR;
				CLANG_WARN_DOCUMENTATION_COMMENTS = YES;
				CLANG_WARN_EMPTY_BODY = YES;
				CLANG_WARN_ENUM_CONVERSION = YES;
				CLANG_WARN_INFINITE_RECURSION = YES;
				CLANG_WARN_INT_CONVERSION = YES;
				CLANG_WARN_NON_LITERAL_NULL_CONVERSION = YES;
				CLANG_WARN_OBJC_IMPLICIT_RETAIN_SELF = YES;
				CLANG_WARN_OBJC_LITERAL_CONVERSION = YES;
				CLANG_WARN_OBJC_ROOT_CLASS = YES_ERROR;
				CLANG_WARN_QUOTED_INCLUDE_IN_FRAMEWORK_HEADER = YES;
				CLANG_WARN_RANGE_LOOP_ANALYSIS = YES;
				CLANG_WARN_STRICT_PROTOTYPES = YES;
				CLANG_WARN_SUSPICIOUS_MOVE = YES;
				CLANG_WARN_UNGUARDED_AVAILABILITY = YES_AGGRESSIVE;
				CLANG_WARN_UNREACHABLE_CODE = YES;
				CLANG_WARN__DUPLICATE_METHOD_MATCH = YES;
				COPY_PHASE_STRIP = NO;
				DEBUG_INFORMATION_FORMAT = dwarf;
				ENABLE_STRICT_OBJC_MSGSEND = YES;
				ENABLE_TESTABILITY = YES;
				GCC_C_LANGUAGE_STANDARD = gnu11;
				GCC_DYNAMIC_NO_PIC = NO;
				GCC_NO_COMMON_BLOCKS = YES;
				GCC_OPTIMIZATION_LEVEL = 0;
				GCC_PREPROCESSOR_DEFINITIONS = (
					"DEBUG=1",
					"$(inherited)",
				);
				GCC_WARN_64_TO_32_BIT_CONVERSION = YES;
				GCC_WARN_ABOUT_RETURN_TYPE = YES_ERROR;
				GCC_WARN_UNDECLARED_SELECTOR = YES;
				GCC_WARN_UNINITIALIZED_AUTOS = YES_AGGRESSIVE;
				GCC_WARN_UNUSED_FUNCTION = YES;
				GCC_WARN_UNUSED_VARIABLE = YES;
				MTL_ENABLE_DEBUG_INFO = INCLUDE_SOURCE;
				MTL_FAST_MATH = YES;
				ONLY_ACTIVE_ARCH = YES;
				PRODUCT_NAME = "$(TARGET_NAME)";
				SWIFT_ACTIVE_COMPILATION_CONDITIONS = DEBUG;
				SWIFT_OPTIMIZATION_LEVEL = "-Onone";
				SWIFT_VERSION = 5.0;
			};
			name = Debug;
		};
		795B3B570571A1AFC2649A21 /* Debug */ = {
			isa = XCBuildConfiguration;
			buildSettings = {
				ASSETCATALOG_COMPILER_APPICON_NAME = AppIcon;
				ASSETCATALOG_COMPILER_GLOBAL_ACCENT_COLOR_NAME = AccentColor;
				CODE_SIGNING_ALLOWED = NO;
				CODE_SIGNING_REQUIRED = NO;
				CODE_SIGN_ENTITLEMENTS = Starbeam/Starbeam.entitlements;
				COMBINE_HIDPI_IMAGES = YES;
				CURRENT_PROJECT_VERSION = 1;
				INFOPLIST_FILE = Starbeam/Info.plist;
				LD_RUNPATH_SEARCH_PATHS = "$(inherited) @executable_path/../Frameworks";
				MACOSX_DEPLOYMENT_TARGET = 14.0;
				MARKETING_VERSION = 0.1.0;
				PRODUCT_BUNDLE_IDENTIFIER = com.starbeam.macos;
				SDKROOT = macosx;
			};
			name = Debug;
		};
		BC778D1370116926D82F4E97 /* Release */ = {
			isa = XCBuildConfiguration;
			buildSettings = {
				ASSETCATALOG_COMPILER_APPICON_NAME = AppIcon;
				ASSETCATALOG_COMPILER_GLOBAL_ACCENT_COLOR_NAME = AccentColor;
				CODE_SIGNING_ALLOWED = NO;
				CODE_SIGNING_REQUIRED = NO;
				CODE_SIGN_ENTITLEMENTS = Starbeam/Starbeam.entitlements;
				COMBINE_HIDPI_IMAGES = YES;
				CURRENT_PROJECT_VERSION = 1;
				INFOPLIST_FILE = Starbeam/Info.plist;
				LD_RUNPATH_SEARCH_PATHS = "$(inherited) @executable_path/../Frameworks";
				MACOSX_DEPLOYMENT_TARGET = 14.0;
				MARKETING_VERSION = 0.1.0;
				PRODUCT_BUNDLE_IDENTIFIER = com.starbeam.macos;
				SDKROOT = macosx;
			};
			name = Release;
		};
		FF3FFAA1847EC7CABE16EC9B /* Release */ = {
			isa = XCBuildConfiguration;
			buildSettings = {
				ALWAYS_SEARCH_USER_PATHS = NO;
				CLANG_ANALYZER_NONNULL = YES;
				CLANG_ANALYZER_NUMBER_OBJECT_CONVERSION = YES_AGGRESSIVE;
				CLANG_CXX_LANGUAGE_STANDARD = "gnu++14";
				CLANG_CXX_LIBRARY = "libc++";
				CLANG_ENABLE_MODULES = YES;
				CLANG_ENABLE_OBJC_ARC = YES;
				CLANG_ENABLE_OBJC_WEAK = YES;
				CLANG_WARN_BLOCK_CAPTURE_AUTORELEASING = YES;
				CLANG_WARN_BOOL_CONVERSION = YES;
				CLANG_WARN_COMMA = YES;
				CLANG_WARN_CONSTANT_CONVERSION = YES;
				CLANG_WARN_DEPRECATED_OBJC_IMPLEMENTATIONS = YES;
				CLANG_WARN_DIRECT_OBJC_ISA_USAGE = YES_ERROR;
				CLANG_WARN_DOCUMENTATION_COMMENTS = YES;
				CLANG_WARN_EMPTY_BODY = YES;
				CLANG_WARN_ENUM_CONVERSION = YES;
				CLANG_WARN_INFINITE_RECURSION = YES;
				CLANG_WARN_INT_CONVERSION = YES;
				CLANG_WARN_NON_LITERAL_NULL_CONVERSION = YES;
				CLANG_WARN_OBJC_IMPLICIT_RETAIN_SELF = YES;
				CLANG_WARN_OBJC_LITERAL_CONVERSION = YES;
				CLANG_WARN_OBJC_ROOT_CLASS = YES_ERROR;
				CLANG_WARN_QUOTED_INCLUDE_IN_FRAMEWORK_HEADER = YES;
				CLANG_WARN_RANGE_LOOP_ANALYSIS = YES;
				CLANG_WARN_STRICT_PROTOTYPES = YES;
				CLANG_WARN_SUSPICIOUS_MOVE = YES;
				CLANG_WARN_UNGUARDED_AVAILABILITY = YES_AGGRESSIVE;
				CLANG_WARN_UNREACHABLE_CODE = YES;
				CLANG_WARN__DUPLICATE_METHOD_MATCH = YES;
				COPY_PHASE_STRIP = NO;
				DEBUG_INFORMATION_FORMAT = "dwarf-with-dsym";
				ENABLE_NS_ASSERTIONS = NO;
				ENABLE_STRICT_OBJC_MSGSEND = YES;
				GCC_C_LANGUAGE_STANDARD = gnu11;
				GCC_NO_COMMON_BLOCKS = YES;
				GCC_WARN_64_TO_32_BIT_CONVERSION = YES;
				GCC_WARN_ABOUT_RETURN_TYPE = YES_ERROR;
				GCC_WARN_UNDECLARED_SELECTOR = YES;
				GCC_WARN_UNINITIALIZED_AUTOS = YES_AGGRESSIVE;
				GCC_WARN_UNUSED_FUNCTION = YES;
				GCC_WARN_UNUSED_VARIABLE = YES;
				MTL_ENABLE_DEBUG_INFO = NO;
				MTL_FAST_MATH = YES;
				PRODUCT_NAME = "$(TARGET_NAME)";
				SWIFT_COMPILATION_MODE = wholemodule;
				SWIFT_OPTIMIZATION_LEVEL = "-O";
				SWIFT_VERSION = 5.0;
			};
			name = Release;
		};
/* End XCBuildConfiguration section */

/* Begin XCConfigurationList section */
		21ED7FF06E46DC4679493324 /* Build configuration list for PBXNativeTarget "Starbeam" */ = {
			isa = XCConfigurationList;
			buildConfigurations = (
				BC778D1370116926D82F4E97 /* Release */,
				795B3B570571A1AFC2649A21 /* Debug */,
			);
			defaultConfigurationIsVisible = 0;
			defaultConfigurationName = Release;
		};
		F0BEECB60107B608DF051931 /* Build configuration list for PBXProject "Starbeam" */ = {
			isa = XCConfigurationList;
			buildConfigurations = (
				5BAA2DD23545C4619B402E5A /* Debug */,
				FF3FFAA1847EC7CABE16EC9B /* Release */,
			);
			defaultConfigurationIsVisible = 0;
			defaultConfigurationName = Release;
		};
/* End XCConfigurationList section */
	};
	rootObject = 4C420F184A30D31654B555F1 /* Project object */;
}
